
Microsoft Visual Studio Solution File, Format Version 12.00
# Visual Studio Version 16
VisualStudioVersion = 16.0.31515.178
MinimumVisualStudioVersion = 10.0.40219.1
Project("{FAE04EC0-301F-11D3-BF4B-00C04F79EFBC}") = "NetTest", "NetTest\NetTest.csproj", "{B5F28331-DF5E-4B59-B4D0-8E7172A18348}"
EndProject
Project("{FAE04EC0-301F-11D3-BF4B-00C04F79EFBC}") = "NetClientTest", "NetClientTest\NetClientTest.csproj", "{1ADA1B3C-9A3C-44BF-8187-09E6E5774764}"
EndProject
Global
	GlobalSection(SolutionConfigurationPlatforms) = preSolution
		Debug|Any CPU = Debug|Any CPU
		Release|Any CPU = Release|Any CPU
	EndGlobalSection
	GlobalSection(ProjectConfigurationPlatforms) = postSolution
		{B5F28331-DF5E-4B59-B4D0-8E7172A18348}.Debug|Any CPU.ActiveCfg = Debug|Any CPU
		{B5F28331-DF5E-4B59-B4D0-8E7172A18348}.Debug|Any CPU.Build.0 = Debug|Any CPU
		{B5F28331-DF5E-4B59-B4D0-8E7172A18348}.Release|Any CPU.ActiveCfg = Release|Any CPU
		{B5F28331-DF5E-4B59-B4D0-8E7172A18348}.Release|Any CPU.Build.0 = Release|Any CPU
		{1ADA1B3C-9A3C-44BF-8187-09E6E5774764}.Debug|Any CPU.ActiveCfg = Debug|Any CPU
		{1ADA1B3C-9A3C-44BF-8187-09E6E5774764}.Debug|Any CPU.Build.0 = Debug|Any CPU
		{1ADA1B3C-9A3C-44BF-8187-09E6E5774764}.Release|Any CPU.ActiveCfg = Release|Any CPU
		{1ADA1B3C-9A3C-44BF-8187-09E6E5774764}.Release|Any CPU.Build.0 = Release|Any CPU
	EndGlobalSection
	GlobalSection(SolutionProperties) = preSolution
		HideSolutionNode = FALSE
	EndGlobalSection
	GlobalSection(ExtensibilityGlobals) = postSolution
		SolutionGuid = {F1754D45-ED14-4C9D-A460-B1B1121D9A3C}
	EndGlobalSection
EndGlobal
